
Microsoft Visual Studio Solution File, Format Version 12.00
# Visual Studio Version 16
VisualStudioVersion = 16.0.31019.35
MinimumVisualStudioVersion = 10.0.40219.1
Project("{FAE04EC0-301F-11D3-BF4B-00C04F79EFBC}") = "Registration_regex", "Registration_regex.csproj", "{CA909385-B8AD-4A52-905C-5C054E684FE3}"
EndProject
Global
	GlobalSection(SolutionConfigurationPlatforms) = preSolution
		Debug|Any CPU = Debug|Any CPU
		Release|Any CPU = Release|Any CPU
	EndGlobalSection
	GlobalSection(ProjectConfigurationPlatforms) = postSolution
		{CA909385-B8AD-4A52-905C-5C054E684FE3}.Debug|Any CPU.ActiveCfg = Debug|Any CPU
		{CA909385-B8AD-4A52-905C-5C054E684FE3}.Debug|Any CPU.Build.0 = Debug|Any CPU
		{CA909385-B8AD-4A52-905C-5C054E684FE3}.Release|Any CPU.ActiveCfg = Release|Any CPU
		{CA909385-B8AD-4A52-905C-5C054E684FE3}.Release|Any CPU.Build.0 = Release|Any CPU
	EndGlobalSection
	GlobalSection(SolutionProperties) = preSolution
		HideSolutionNode = FALSE
	EndGlobalSection
	GlobalSection(ExtensibilityGlobals) = postSolution
		SolutionGuid = {F8D6FA08-F197-45B1-A742-6D5081382BCE}
	EndGlobalSection
EndGlobal
