
Microsoft Visual Studio Solution File, Format Version 12.00
# Visual Studio Version 16
VisualStudioVersion = 16.0.31019.35
MinimumVisualStudioVersion = 10.0.40219.1
Project("{FAE04EC0-301F-11D3-BF4B-00C04F79EFBC}") = "registration_regex", "registration_regex.csproj", "{AC182028-67B9-410E-A924-C2961025DAF9}"
EndProject
Global
	GlobalSection(SolutionConfigurationPlatforms) = preSolution
		Debug|Any CPU = Debug|Any CPU
		Release|Any CPU = Release|Any CPU
	EndGlobalSection
	GlobalSection(ProjectConfigurationPlatforms) = postSolution
		{AC182028-67B9-410E-A924-C2961025DAF9}.Debug|Any CPU.ActiveCfg = Debug|Any CPU
		{AC182028-67B9-410E-A924-C2961025DAF9}.Debug|Any CPU.Build.0 = Debug|Any CPU
		{AC182028-67B9-410E-A924-C2961025DAF9}.Release|Any CPU.ActiveCfg = Release|Any CPU
		{AC182028-67B9-410E-A924-C2961025DAF9}.Release|Any CPU.Build.0 = Release|Any CPU
	EndGlobalSection
	GlobalSection(SolutionProperties) = preSolution
		HideSolutionNode = FALSE
	EndGlobalSection
	GlobalSection(ExtensibilityGlobals) = postSolution
		SolutionGuid = {E0615BC5-8023-4BBD-A698-0E48FCE1AC51}
	EndGlobalSection
EndGlobal
